
Microsoft Visual Studio Solution File, Format Version 12.00
# Visual Studio Version 17
VisualStudioVersion = 17.4.33403.182
MinimumVisualStudioVersion = 10.0.40219.1
Project("{8BC9CEB8-8B4A-11D0-8D11-00A0C91BC942}") = "Small_C++_Projects", "Small_C++_Projects.vcxproj", "{2F40AC15-9C3E-4185-B38B-CE78D28761F1}"
EndProject
Global
	GlobalSection(SolutionConfigurationPlatforms) = preSolution
		Debug|x64 = Debug|x64
		Debug|x86 = Debug|x86
		Release|x64 = Release|x64
		Release|x86 = Release|x86
	EndGlobalSection
	GlobalSection(ProjectConfigurationPlatforms) = postSolution
		{2F40AC15-9C3E-4185-B38B-CE78D28761F1}.Debug|x64.ActiveCfg = Debug|x64
		{2F40AC15-9C3E-4185-B38B-CE78D28761F1}.Debug|x64.Build.0 = Debug|x64
		{2F40AC15-9C3E-4185-B38B-CE78D28761F1}.Debug|x86.ActiveCfg = Debug|Win32
		{2F40AC15-9C3E-4185-B38B-CE78D28761F1}.Debug|x86.Build.0 = Debug|Win32
		{2F40AC15-9C3E-4185-B38B-CE78D28761F1}.Release|x64.ActiveCfg = Release|x64
		{2F40AC15-9C3E-4185-B38B-CE78D28761F1}.Release|x64.Build.0 = Release|x64
		{2F40AC15-9C3E-4185-B38B-CE78D28761F1}.Release|x86.ActiveCfg = Release|Win32
		{2F40AC15-9C3E-4185-B38B-CE78D28761F1}.Release|x86.Build.0 = Release|Win32
	EndGlobalSection
	GlobalSection(SolutionProperties) = preSolution
		HideSolutionNode = FALSE
	EndGlobalSection
	GlobalSection(ExtensibilityGlobals) = postSolution
		SolutionGuid = {4551A19F-A79D-4A80-8C5C-4B10D99F18A6}
	EndGlobalSection
EndGlobal
