<?xml version="1.0" encoding="utf-8"?>
<Project ToolsVersion="4.0" xmlns="http://schemas.microsoft.com/developer/msbuild/2003">
  <ItemGroup>
    <Filter Include="Source Files">
      <UniqueIdentifier>{4FC737F1-C7A5-4376-A066-2A32D752A2FF}</UniqueIdentifier>
      <Extensions>cpp;c;cc;cxx;c++;cppm;ixx;def;odl;idl;hpj;bat;asm;asmx</Extensions>
    </Filter>
    <Filter Include="Header Files">
      <UniqueIdentifier>{93995380-89BD-4b04-88EB-625FBE52EBFB}</UniqueIdentifier>
      <Extensions>h;hh;hpp;hxx;h++;hm;inl;inc;ipp;xsd</Extensions>
    </Filter>
    <Filter Include="Resource Files">
      <UniqueIdentifier>{67DA6AB6-F800-4c08-8B7A-83BB121AAD01}</UniqueIdentifier>
      <Extensions>rc;ico;cur;bmp;dlg;rc2;rct;bin;rgs;gif;jpg;jpeg;jpe;resx;tiff;tif;png;wav;mfcribbon-ms</Extensions>
    </Filter>
  </ItemGroup>
  <ItemGroup>
    <ClCompile Include="hello.cpp">
      <Filter>Source Files</Filter>
    </ClCompile>
    <ClCompile Include="prime.cpp">
      <Filter>Source Files</Filter>
    </ClCompile>
    <ClCompile Include="population_time_growth.cpp">
      <Filter>Source Files</Filter>
    </ClCompile>
    <ClCompile Include="printing_hashtag_grids.cpp">
      <Filter>Source Files</Filter>
    </ClCompile>
    <ClCompile Include="calculate_the_half_bill.cpp">
      <Filter>Source Files</Filter>
    </ClCompile>
    <ClCompile Include="how_many_coins_to_give_back.cpp">
      <Filter>Source Files</Filter>
    </ClCompile>
    <ClCompile Include="valid_credit_card.cpp">
      <Filter>Source Files</Filter>
    </ClCompile>
    <ClCompile Include="calculator_testing.cpp">
      <Filter>Source Files</Filter>
    </ClCompile>
    <ClCompile Include="adventure_time.cpp">
      <Filter>Source Files</Filter>
    </ClCompile>
    <ClCompile Include="average_score.cpp">
      <Filter>Source Files</Filter>
    </ClCompile>
    <ClCompile Include="contacts.cpp">
      <Filter>Source Files</Filter>
    </ClCompile>
    <ClCompile Include="triangle_check.cpp">
      <Filter>Source Files</Filter>
    </ClCompile>
    <ClCompile Include="power_up_array.cpp">
      <Filter>Source Files</Filter>
    </ClCompile>
    <ClCompile Include="is_it_in_alphabetical_order.cpp">
      <Filter>Source Files</Filter>
    </ClCompile>
    <ClCompile Include="command_line_arguments.cpp">
      <Filter>Source Files</Filter>
    </ClCompile>
    <ClCompile Include="return_initials.cpp">
      <Filter>Source Files</Filter>
    </ClCompile>
    <ClCompile Include="hours_study.cpp">
      <Filter>Source Files</Filter>
    </ClCompile>
    <ClCompile Include="swap_characters.cpp">
      <Filter>Source Files</Filter>
    </ClCompile>
    <ClCompile Include="strong_password.cpp">
      <Filter>Source Files</Filter>
    </ClCompile>
    <ClCompile Include="scrabble_points_compare.cpp">
      <Filter>Source Files</Filter>
    </ClCompile>
    <ClCompile Include="what_grade_is_this_text.cpp">
      <Filter>Source Files</Filter>
    </ClCompile>
  </ItemGroup>
</Project>