<?xml version="1.0" encoding="utf-8"?>
<Project ToolsVersion="4.0" xmlns="http://schemas.microsoft.com/developer/msbuild/2003">
  <ItemGroup>
    <Filter Include="Source Files">
      <UniqueIdentifier>{4FC737F1-C7A5-4376-A066-2A32D752A2FF}</UniqueIdentifier>
      <Extensions>cpp;c;cc;cxx;c++;cppm;ixx;def;odl;idl;hpj;bat;asm;asmx</Extensions>
    </Filter>
    <Filter Include="Header Files">
      <UniqueIdentifier>{93995380-89BD-4b04-88EB-625FBE52EBFB}</UniqueIdentifier>
      <Extensions>h;hh;hpp;hxx;h++;hm;inl;inc;ipp;xsd</Extensions>
    </Filter>
    <Filter Include="Resource Files">
      <UniqueIdentifier>{67DA6AB6-F800-4c08-8B7A-83BB121AAD01}</UniqueIdentifier>
      <Extensions>rc;ico;cur;bmp;dlg;rc2;rct;bin;rgs;gif;jpg;jpeg;jpe;resx;tiff;tif;png;wav;mfcribbon-ms</Extensions>
    </Filter>
    <Filter Include="Source Files\Week_1">
      <UniqueIdentifier>{b392d386-e5c1-479b-adb1-a4c86d982d84}</UniqueIdentifier>
    </Filter>
    <Filter Include="Source Files\Week_2">
      <UniqueIdentifier>{f2bfaa49-17e6-48ba-b983-b3e542dd5216}</UniqueIdentifier>
    </Filter>
    <Filter Include="Source Files\Week_3">
      <UniqueIdentifier>{19475300-f938-440d-9580-ae1fd5a525d6}</UniqueIdentifier>
    </Filter>
    <Filter Include="Source Files\Week_4">
      <UniqueIdentifier>{154ff8fb-e89d-4c6f-b6dc-813f9aaecc31}</UniqueIdentifier>
    </Filter>
  </ItemGroup>
  <ItemGroup>
    <ClCompile Include="adventure_time.cpp">
      <Filter>Source Files\Week_1</Filter>
    </ClCompile>
    <ClCompile Include="calculator_testing.cpp">
      <Filter>Source Files\Week_1</Filter>
    </ClCompile>
    <ClCompile Include="hello.cpp">
      <Filter>Source Files\Week_1</Filter>
    </ClCompile>
    <ClCompile Include="printing_hashtag_grids.cpp">
      <Filter>Source Files\Week_1</Filter>
    </ClCompile>
    <ClCompile Include="how_many_coins_to_give_back.cpp">
      <Filter>Source Files\Week_1</Filter>
    </ClCompile>
    <ClCompile Include="contacts.cpp">
      <Filter>Source Files\Week_1</Filter>
    </ClCompile>
    <ClCompile Include="valid_credit_card.cpp">
      <Filter>Source Files\Week_1</Filter>
    </ClCompile>
    <ClCompile Include="calculate_the_half_bill.cpp">
      <Filter>Source Files\Week_1</Filter>
    </ClCompile>
    <ClCompile Include="prime.cpp">
      <Filter>Source Files\Week_1</Filter>
    </ClCompile>
    <ClCompile Include="population_time_growth.cpp">
      <Filter>Source Files\Week_1</Filter>
    </ClCompile>
    <ClCompile Include="is_it_in_alphabetical_order.cpp">
      <Filter>Source Files\Week_2</Filter>
    </ClCompile>
    <ClCompile Include="power_up_array.cpp">
      <Filter>Source Files\Week_2</Filter>
    </ClCompile>
    <ClCompile Include="average_score.cpp">
      <Filter>Source Files\Week_2</Filter>
    </ClCompile>
    <ClCompile Include="command_line_arguments.cpp">
      <Filter>Source Files\Week_2</Filter>
    </ClCompile>
    <ClCompile Include="return_initials.cpp">
      <Filter>Source Files\Week_2</Filter>
    </ClCompile>
    <ClCompile Include="swap_characters.cpp">
      <Filter>Source Files\Week_2</Filter>
    </ClCompile>
    <ClCompile Include="strong_password.cpp">
      <Filter>Source Files\Week_2</Filter>
    </ClCompile>
    <ClCompile Include="triangle_check.cpp">
      <Filter>Source Files\Week_2</Filter>
    </ClCompile>
    <ClCompile Include="scrabble_points_compare.cpp">
      <Filter>Source Files\Week_2</Filter>
    </ClCompile>
    <ClCompile Include="what_grade_is_this_text.cpp">
      <Filter>Source Files\Week_2</Filter>
    </ClCompile>
    <ClCompile Include="substitution_cipher.cpp">
      <Filter>Source Files\Week_2</Filter>
    </ClCompile>
    <ClCompile Include="caeser_cipher.cpp">
      <Filter>Source Files\Week_2</Filter>
    </ClCompile>
    <ClCompile Include="decimal_to_binary.cpp">
      <Filter>Source Files\Week_2</Filter>
    </ClCompile>
    <ClCompile Include="wordle.cpp">
      <Filter>Source Files\Week_2</Filter>
    </ClCompile>
    <ClCompile Include="sorting.cpp">
      <Filter>Source Files\Week_3</Filter>
    </ClCompile>
    <ClCompile Include="string_to_integer_recursive.cpp">
      <Filter>Source Files\Week_3</Filter>
    </ClCompile>
    <ClCompile Include="max_and_min.cpp">
      <Filter>Source Files\Week_3</Filter>
    </ClCompile>
    <ClCompile Include="recursion.cpp">
      <Filter>Source Files\Week_3</Filter>
    </ClCompile>
    <ClCompile Include="temperature.cpp">
      <Filter>Source Files\Week_3</Filter>
    </ClCompile>
    <ClCompile Include="snackbar.cpp">
      <Filter>Source Files\Week_3</Filter>
    </ClCompile>
    <ClCompile Include="candidates.cpp">
      <Filter>Source Files\Week_3</Filter>
    </ClCompile>
    <ClCompile Include="binary_search.cpp">
      <Filter>Source Files\Week_3</Filter>
    </ClCompile>
    <ClCompile Include="linear_search.cpp">
      <Filter>Source Files\Week_3</Filter>
    </ClCompile>
    <ClCompile Include="plurality_vote.cpp">
      <Filter>Source Files\Week_3</Filter>
    </ClCompile>
    <ClCompile Include="instant_runoff.cpp">
      <Filter>Source Files\Week_3</Filter>
    </ClCompile>
    <ClCompile Include="tideman_vote.cpp">
      <Filter>Source Files\Week_3</Filter>
    </ClCompile>
    <ClCompile Include="change_pixel_color_of_bmp.cpp">
      <Filter>Source Files\Week_4</Filter>
    </ClCompile>
    <ClCompile Include="dynamic_memory_allocation.cpp">
      <Filter>Source Files\Week_4</Filter>
    </ClCompile>
    <ClCompile Include="flip_bmp_images.cpp">
      <Filter>Source Files\Week_4</Filter>
    </ClCompile>
    <ClCompile Include="license_plates.cpp">
      <Filter>Source Files\Week_4</Filter>
    </ClCompile>
    <ClCompile Include="read_and_write_to_files.cpp">
      <Filter>Source Files\Week_4</Filter>
    </ClCompile>
    <ClCompile Include="pointers_addresses_references.cpp">
      <Filter>Source Files\Week_4</Filter>
    </ClCompile>
    <ClCompile Include="create.cpp">
      <Filter>Source Files\Week_4</Filter>
    </ClCompile>
    <ClCompile Include="hours_study.cpp">
      <Filter>Source Files\Week_2</Filter>
    </ClCompile>
    <ClCompile Include="swap_values.cpp">
      <Filter>Source Files\Week_4</Filter>
    </ClCompile>
    <ClCompile Include="validate_file.cpp">
      <Filter>Source Files\Week_4</Filter>
    </ClCompile>
    <ClCompile Include="change_volume_of_wav.cpp">
      <Filter>Source Files\Week_4</Filter>
    </ClCompile>
    <ClCompile Include="filter.cpp">
      <Filter>Source Files\Week_4</Filter>
    </ClCompile>
    <ClCompile Include="recover_jpg_images.cpp">
      <Filter>Source Files\Week_4</Filter>
    </ClCompile>
    <ClCompile Include="reverse_wav_audio.cpp">
      <Filter>Source Files\Week_4</Filter>
    </ClCompile>
  </ItemGroup>
  <ItemGroup>
    <ClInclude Include="basic_functions.h">
      <Filter>Header Files</Filter>
    </ClInclude>
    <ClInclude Include="bmp.h">
      <Filter>Header Files</Filter>
    </ClInclude>
    <ClInclude Include="wav.h">
      <Filter>Header Files</Filter>
    </ClInclude>
  </ItemGroup>
  <ItemGroup>
    <Text Include="test.txt">
      <Filter>Resource Files</Filter>
    </Text>
    <Text Include="5.txt">
      <Filter>Resource Files</Filter>
    </Text>
    <Text Include="6.txt">
      <Filter>Resource Files</Filter>
    </Text>
    <Text Include="7.txt">
      <Filter>Resource Files</Filter>
    </Text>
    <Text Include="8.txt">
      <Filter>Resource Files</Filter>
    </Text>
    <Text Include="plates.txt">
      <Filter>Resource Files</Filter>
    </Text>
  </ItemGroup>
  <ItemGroup>
    <Image Include="test.jpg">
      <Filter>Resource Files</Filter>
    </Image>
    <Image Include="harvard_bottomup.bmp">
      <Filter>Resource Files</Filter>
    </Image>
    <Image Include="smiley.bmp">
      <Filter>Resource Files</Filter>
    </Image>
    <Image Include="newsmiley.bmp">
      <Filter>Resource Files</Filter>
    </Image>
    <Image Include="fliped.bmp">
      <Filter>Resource Files</Filter>
    </Image>
    <Image Include="courtyard.bmp">
      <Filter>Resource Files</Filter>
    </Image>
    <Image Include="stadium.bmp">
      <Filter>Resource Files</Filter>
    </Image>
    <Image Include="tower.bmp">
      <Filter>Resource Files</Filter>
    </Image>
    <Image Include="yard.bmp">
      <Filter>Resource Files</Filter>
    </Image>
    <Image Include="edge_tower.bmp">
      <Filter>Resource Files</Filter>
    </Image>
    <Image Include="blur_tower.bmp">
      <Filter>Resource Files</Filter>
    </Image>
    <Image Include="reflect_courtyard.bmp">
      <Filter>Resource Files</Filter>
    </Image>
    <Image Include="grayscale_stadium.bmp">
      <Filter>Resource Files</Filter>
    </Image>
    <Image Include="sepia_yard.bmp">
      <Filter>Resource Files</Filter>
    </Image>
  </ItemGroup>
  <ItemGroup>
    <None Include="test.pdf">
      <Filter>Resource Files</Filter>
    </None>
    <None Include="card.raw">
      <Filter>Resource Files</Filter>
    </None>
  </ItemGroup>
  <ItemGroup>
    <Media Include="input.wav">
      <Filter>Resource Files</Filter>
    </Media>
    <Media Include="new_sound.wav">
      <Filter>Resource Files</Filter>
    </Media>
    <Media Include="reversed_wav.wav">
      <Filter>Resource Files</Filter>
    </Media>
  </ItemGroup>
</Project>